
Microsoft Visual Studio Solution File, Format Version 12.00
# Visual Studio Version 16
VisualStudioVersion = 16.0.29519.87
MinimumVisualStudioVersion = 10.0.40219.1
Project("{9A19103F-16F7-4668-BE54-9A1E7A4F7556}") = "ToDo.Common", "ToDo.Common\src\ToDo.Common\ToDo.Common.csproj", "{29756AB3-9FAC-45EB-8D13-F308CBD41DE2}"
EndProject
Project("{9A19103F-16F7-4668-BE54-9A1E7A4F7556}") = "Todo.Services.Todo", "ToDo.Services.Todo\src\Todo.API\Todo.Services.Todo.csproj", "{89168711-B092-48EF-BC96-2E70AD5ED9DC}"
EndProject
Project("{FAE04EC0-301F-11D3-BF4B-00C04F79EFBC}") = "Todo.Services.Identity", "ToDo.Services.Identity\src\Todo.Services.Identity\Todo.Services.Identity.csproj", "{4E0FD040-0E9F-44F9-8DC0-372A21EC438E}"
EndProject
Global
	GlobalSection(SolutionConfigurationPlatforms) = preSolution
		Debug|Any CPU = Debug|Any CPU
		Release|Any CPU = Release|Any CPU
	EndGlobalSection
	GlobalSection(ProjectConfigurationPlatforms) = postSolution
		{29756AB3-9FAC-45EB-8D13-F308CBD41DE2}.Debug|Any CPU.ActiveCfg = Debug|Any CPU
		{29756AB3-9FAC-45EB-8D13-F308CBD41DE2}.Debug|Any CPU.Build.0 = Debug|Any CPU
		{29756AB3-9FAC-45EB-8D13-F308CBD41DE2}.Release|Any CPU.ActiveCfg = Release|Any CPU
		{29756AB3-9FAC-45EB-8D13-F308CBD41DE2}.Release|Any CPU.Build.0 = Release|Any CPU
		{89168711-B092-48EF-BC96-2E70AD5ED9DC}.Debug|Any CPU.ActiveCfg = Debug|Any CPU
		{89168711-B092-48EF-BC96-2E70AD5ED9DC}.Debug|Any CPU.Build.0 = Debug|Any CPU
		{89168711-B092-48EF-BC96-2E70AD5ED9DC}.Release|Any CPU.ActiveCfg = Release|Any CPU
		{89168711-B092-48EF-BC96-2E70AD5ED9DC}.Release|Any CPU.Build.0 = Release|Any CPU
		{4E0FD040-0E9F-44F9-8DC0-372A21EC438E}.Debug|Any CPU.ActiveCfg = Debug|Any CPU
		{4E0FD040-0E9F-44F9-8DC0-372A21EC438E}.Debug|Any CPU.Build.0 = Debug|Any CPU
		{4E0FD040-0E9F-44F9-8DC0-372A21EC438E}.Release|Any CPU.ActiveCfg = Release|Any CPU
		{4E0FD040-0E9F-44F9-8DC0-372A21EC438E}.Release|Any CPU.Build.0 = Release|Any CPU
	EndGlobalSection
	GlobalSection(SolutionProperties) = preSolution
		HideSolutionNode = FALSE
	EndGlobalSection
	GlobalSection(ExtensibilityGlobals) = postSolution
		SolutionGuid = {A5757C22-34DA-4A5B-9078-5B8674E56ABC}
	EndGlobalSection
EndGlobal
